PODS:
  - TensorFlowLiteC (2.1.0)
  - TensorFlowLiteSwift (2.1.0):
    - TensorFlowLiteC (= 2.1.0)
  - TwilioChatClient (2.6.6)

DEPENDENCIES:
  - TensorFlowLiteSwift
  - TwilioChatClient (~> 2.6.4)

SPEC REPOS:
  trunk:
    - TensorFlowLiteC
    - TensorFlowLiteSwift
    - TwilioChatClient

SPEC CHECKSUMS:
  TensorFlowLiteC: 215603d4426d93810eace5947e317389554a4b66
  TensorFlowLiteSwift: 9d8137f18d5ac30ca89bba4fbe118e0949ac5743
  TwilioChatClient: 23168c2df8e306da1cedcad1d60ba69862235358

PODFILE CHECKSUM: 3b86e7497431b92fce86b6dc2ede6a0a6363a817

COCOAPODS: 1.8.4
