// !$*UTF8*$!
{
	archiveVersion = 1;
	classes = {
	};
	objectVersion = 51;
	objects = {

/* Begin PBXBuildFile section */
		1CC994B893803D5FC4094B4C /* Pods_ImageClassification.framework in Frameworks */ = {isa = PBXBuildFile; fileRef = A573A6AC59228701557E4796 /* Pods_ImageClassification.framework */; };
		60075D67242C00B500D84544 /* AddChatVC.swift in Sources */ = {isa = PBXBuildFile; fileRef = 60075D66242C00B500D84544 /* AddChatVC.swift */; };
		6013906A2437E1B100BFD61E /* ChatUserCell.swift in Sources */ = {isa = PBXBuildFile; fileRef = 60075D68242C29F700D84544 /* ChatUserCell.swift */; };
		6013906C2438F07200BFD61E /* Note.swift in Sources */ = {isa = PBXBuildFile; fileRef = 6013906B2438F07200BFD61E /* Note.swift */; };
		601C1F13244A0C6700F44299 /* MessageTests.swift in Sources */ = {isa = PBXBuildFile; fileRef = 601C1F12244A0C6700F44299 /* MessageTests.swift */; };
		601C1F15244A60AF00F44299 /* ChatVCTests.swift in Sources */ = {isa = PBXBuildFile; fileRef = 601C1F14244A60AE00F44299 /* ChatVCTests.swift */; };
		602388952425A43E0041E2C3 /* LoginVC.swift in Sources */ = {isa = PBXBuildFile; fileRef = 602388942425A43E0041E2C3 /* LoginVC.swift */; };
		602388972426D9A40041E2C3 /* ChatMessageCell.swift in Sources */ = {isa = PBXBuildFile; fileRef = 602388962426D9A40041E2C3 /* ChatMessageCell.swift */; };
		6023889A2426E37A0041E2C3 /* User.swift in Sources */ = {isa = PBXBuildFile; fileRef = 602388992426E37A0041E2C3 /* User.swift */; };
		6023889C2426E3A40041E2C3 /* Message.swift in Sources */ = {isa = PBXBuildFile; fileRef = 6023889B2426E3A40041E2C3 /* Message.swift */; };
		606C60D2244AC7810090A4AC /* ChatVCUITests.swift in Sources */ = {isa = PBXBuildFile; fileRef = 606C60D1244AC7810090A4AC /* ChatVCUITests.swift */; };
		606C60D4244ACCE80090A4AC /* LoginVCUITests.swift in Sources */ = {isa = PBXBuildFile; fileRef = 606C60D3244ACCE80090A4AC /* LoginVCUITests.swift */; };
		606C60D6244AD04C0090A4AC /* RemoteConversationVCUITests.swift in Sources */ = {isa = PBXBuildFile; fileRef = 606C60D5244AD04C0090A4AC /* RemoteConversationVCUITests.swift */; };
		606C60D8244AD1030090A4AC /* RemoteConversationVCTests.swift in Sources */ = {isa = PBXBuildFile; fileRef = 606C60D7244AD1030090A4AC /* RemoteConversationVCTests.swift */; };
		606C60DA244AD4A10090A4AC /* NotesVCUITests.swift in Sources */ = {isa = PBXBuildFile; fileRef = 606C60D9244AD4A10090A4AC /* NotesVCUITests.swift */; };
		606C60DC244AD5020090A4AC /* NotesVCTests.swift in Sources */ = {isa = PBXBuildFile; fileRef = 606C60DB244AD5020090A4AC /* NotesVCTests.swift */; };
		606C60DE244AD6B70090A4AC /* CreateNoteVCUITests.swift in Sources */ = {isa = PBXBuildFile; fileRef = 606C60DD244AD6B70090A4AC /* CreateNoteVCUITests.swift */; };
		606C60E0244AD6F50090A4AC /* CreateNoteVCTests.swift in Sources */ = {isa = PBXBuildFile; fileRef = 606C60DF244AD6F50090A4AC /* CreateNoteVCTests.swift */; };
		606C60E2244AD8FC0090A4AC /* AddChatVCUITests.swift in Sources */ = {isa = PBXBuildFile; fileRef = 606C60E1244AD8FC0090A4AC /* AddChatVCUITests.swift */; };
		606C60E4244ADBD40090A4AC /* AddChatVCTests.swift in Sources */ = {isa = PBXBuildFile; fileRef = 606C60E3244ADBD40090A4AC /* AddChatVCTests.swift */; };
		606C60E6244ADCC90090A4AC /* MessageUITests.swift in Sources */ = {isa = PBXBuildFile; fileRef = 606C60E5244ADCC90090A4AC /* MessageUITests.swift */; };
		6092C6D7243FB0D500C4CF7B /* NotesTableViewCell.swift in Sources */ = {isa = PBXBuildFile; fileRef = 6092C6D6243FB0D500C4CF7B /* NotesTableViewCell.swift */; };
		670E273924248A78003E129E /* GoogleService-Info.plist in Resources */ = {isa = PBXBuildFile; fileRef = 670E273824248A77003E129E /* GoogleService-Info.plist */; };
		670E273C2424904A003E129E /* model.tflite in Resources */ = {isa = PBXBuildFile; fileRef = 670E273B2424904A003E129E /* model.tflite */; };
		675FD1C1243EAD0600D53116 /* HelpUsTrainWelcome.swift in Sources */ = {isa = PBXBuildFile; fileRef = 675FD1C0243EAD0600D53116 /* HelpUsTrainWelcome.swift */; };
		6765C7E623FB35F60083A5C5 /* ImageClassificationTests.swift in Sources */ = {isa = PBXBuildFile; fileRef = 6765C7E523FB35F60083A5C5 /* ImageClassificationTests.swift */; };
		67ABF92624301CCE00881646 /* ASLKeyboardUITests.swift in Sources */ = {isa = PBXBuildFile; fileRef = 67ABF92524301CCE00881646 /* ASLKeyboardUITests.swift */; };
		67ABF9282430299200881646 /* ASLKeyboardTests.swift in Sources */ = {isa = PBXBuildFile; fileRef = 67ABF9272430299200881646 /* ASLKeyboardTests.swift */; };
		67B31A99242C038C00DC15C4 /* ChatVC.swift in Sources */ = {isa = PBXBuildFile; fileRef = 67B31A98242C038C00DC15C4 /* ChatVC.swift */; };
		67CD6E9E242AE3380004D255 /* TranscribeVC.swift in Sources */ = {isa = PBXBuildFile; fileRef = 67CD6E9D242AE3370004D255 /* TranscribeVC.swift */; };
		6E23ACD52416BE8E00495F02 /* RemoteConversationVC.swift in Sources */ = {isa = PBXBuildFile; fileRef = 6E23ACD42416BE8E00495F02 /* RemoteConversationVC.swift */; };
		6E3469932421CD64009F1E7D /* SpeechToTextVC.swift in Sources */ = {isa = PBXBuildFile; fileRef = 6E3469922421CD64009F1E7D /* SpeechToTextVC.swift */; };
		6E6D14CF24175AC800A185E9 /* CreateNoteVC.swift in Sources */ = {isa = PBXBuildFile; fileRef = 6E6D14CE24175AC800A185E9 /* CreateNoteVC.swift */; };
		6E6D14D1241845D900A185E9 /* ChatTableViewCell.swift in Sources */ = {isa = PBXBuildFile; fileRef = 6E6D14D0241845D900A185E9 /* ChatTableViewCell.swift */; };
		6EB03F7C24251C6D009C0843 /* Extensions.swift in Sources */ = {isa = PBXBuildFile; fileRef = 6EB03F7B24251C6D009C0843 /* Extensions.swift */; };
		6EB03F7E24253489009C0843 /* CameraBoard.swift in Sources */ = {isa = PBXBuildFile; fileRef = 6EB03F7D24253489009C0843 /* CameraBoard.swift */; };
		6EF328FB24173A430071E430 /* NotesVC.swift in Sources */ = {isa = PBXBuildFile; fileRef = 6EF328FA24173A430071E430 /* NotesVC.swift */; };
		AA16E5A22180843800D9E153 /* InfoCell.swift in Sources */ = {isa = PBXBuildFile; fileRef = AA16E5A12180843700D9E153 /* InfoCell.swift */; };
		AA5FEB7E21355CCC00F9BD4B /* labels.txt in Resources */ = {isa = PBXBuildFile; fileRef = AA5FEB7C21355CCC00F9BD4B /* labels.txt */; };
		AAAB096E218981FA0015A1F2 /* CVPixelBufferExtension.swift in Sources */ = {isa = PBXBuildFile; fileRef = AAAB096D218981FA0015A1F2 /* CVPixelBufferExtension.swift */; };
		AABFCBB2213FE0B100C0A67B /* ModelDataHandler.swift in Sources */ = {isa = PBXBuildFile; fileRef = AABFCBB1213FE0B100C0A67B /* ModelDataHandler.swift */; };
		AAE79E5A213521DA00E7AC1F /* AppDelegate.swift in Sources */ = {isa = PBXBuildFile; fileRef = AAE79E59213521DA00E7AC1F /* AppDelegate.swift */; };
		AAE79E5F213521DA00E7AC1F /* Main.storyboard in Resources */ = {isa = PBXBuildFile; fileRef = AAE79E5D213521DA00E7AC1F /* Main.storyboard */; };
		AAE79E61213521DB00E7AC1F /* Assets.xcassets in Resources */ = {isa = PBXBuildFile; fileRef = AAE79E60213521DB00E7AC1F /* Assets.xcassets */; };
		AAE79E64213521DB00E7AC1F /* LaunchScreen.storyboard in Resources */ = {isa = PBXBuildFile; fileRef = AAE79E62213521DB00E7AC1F /* LaunchScreen.storyboard */; };
		AAE79E952135237A00E7AC1F /* ViewController.swift in Sources */ = {isa = PBXBuildFile; fileRef = AAE79E942135237A00E7AC1F /* ViewController.swift */; };
		AAE79E9A2135268800E7AC1F /* PreviewView.swift in Sources */ = {isa = PBXBuildFile; fileRef = AAE79E982135268800E7AC1F /* PreviewView.swift */; };
		AAE79E9B2135268800E7AC1F /* CameraFeedManager.swift in Sources */ = {isa = PBXBuildFile; fileRef = AAE79E992135268800E7AC1F /* CameraFeedManager.swift */; };
		CC6CC051A7EF398FD3281A94 /* libPods-iASLUITests.a in Frameworks */ = {isa = PBXBuildFile; fileRef = 648354876CD76FDF397B6B0C /* libPods-iASLUITests.a */; };
/* End PBXBuildFile section */

/* Begin PBXContainerItemProxy section */
		6765C7E823FB35F60083A5C5 /* PBXContainerItemProxy */ = {
			isa = PBXContainerItemProxy;
			containerPortal = AAE79E4E213521DA00E7AC1F /* Project object */;
			proxyType = 1;
			remoteGlobalIDString = AAE79E55213521DA00E7AC1F;
			remoteInfo = ImageClassification;
		};
		67ABF91F24301C1C00881646 /* PBXContainerItemProxy */ = {
			isa = PBXContainerItemProxy;
			containerPortal = AAE79E4E213521DA00E7AC1F /* Project object */;
			proxyType = 1;
			remoteGlobalIDString = AAE79E55213521DA00E7AC1F;
			remoteInfo = ImageClassification;
		};
/* End PBXContainerItemProxy section */

/* Begin PBXFileReference section */
		037245449AA29AC28566AD6B /* Pods-iASLUITests.debug.xcconfig */ = {isa = PBXFileReference; includeInIndex = 1; lastKnownFileType = text.xcconfig; name = "Pods-iASLUITests.debug.xcconfig"; path = "Target Support Files/Pods-iASLUITests/Pods-iASLUITests.debug.xcconfig"; sourceTree = "<group>"; };
		1CB39A98F737B72BFEAC428E /* Pods-ImageClassification.release.xcconfig */ = {isa = PBXFileReference; includeInIndex = 1; lastKnownFileType = text.xcconfig; name = "Pods-ImageClassification.release.xcconfig"; path = "Target Support Files/Pods-ImageClassification/Pods-ImageClassification.release.xcconfig"; sourceTree = "<group>"; };
		46E3056D271106EF0DF983AE /* Pods-iASLUITests.release.xcconfig */ = {isa = PBXFileReference; includeInIndex = 1; lastKnownFileType = text.xcconfig; name = "Pods-iASLUITests.release.xcconfig"; path = "Target Support Files/Pods-iASLUITests/Pods-iASLUITests.release.xcconfig"; sourceTree = "<group>"; };
		60075D66242C00B500D84544 /* AddChatVC.swift */ = {isa = PBXFileReference; lastKnownFileType = sourcecode.swift; path = AddChatVC.swift; sourceTree = "<group>"; };
		60075D68242C29F700D84544 /* ChatUserCell.swift */ = {isa = PBXFileReference; lastKnownFileType = sourcecode.swift; path = ChatUserCell.swift; sourceTree = "<group>"; };
		6013906B2438F07200BFD61E /* Note.swift */ = {isa = PBXFileReference; lastKnownFileType = sourcecode.swift; path = Note.swift; sourceTree = "<group>"; };
		601C1F12244A0C6700F44299 /* MessageTests.swift */ = {isa = PBXFileReference; lastKnownFileType = sourcecode.swift; path = MessageTests.swift; sourceTree = "<group>"; };
		601C1F14244A60AE00F44299 /* ChatVCTests.swift */ = {isa = PBXFileReference; lastKnownFileType = sourcecode.swift; path = ChatVCTests.swift; sourceTree = "<group>"; };
		602388942425A43E0041E2C3 /* LoginVC.swift */ = {isa = PBXFileReference; fileEncoding = 4; lastKnownFileType = sourcecode.swift; path = LoginVC.swift; sourceTree = "<group>"; };
		602388962426D9A40041E2C3 /* ChatMessageCell.swift */ = {isa = PBXFileReference; lastKnownFileType = sourcecode.swift; path = ChatMessageCell.swift; sourceTree = "<group>"; };
		602388992426E37A0041E2C3 /* User.swift */ = {isa = PBXFileReference; lastKnownFileType = sourcecode.swift; path = User.swift; sourceTree = "<group>"; };
		6023889B2426E3A40041E2C3 /* Message.swift */ = {isa = PBXFileReference; lastKnownFileType = sourcecode.swift; path = Message.swift; sourceTree = "<group>"; };
		606C60D1244AC7810090A4AC /* ChatVCUITests.swift */ = {isa = PBXFileReference; lastKnownFileType = sourcecode.swift; path = ChatVCUITests.swift; sourceTree = "<group>"; };
		606C60D3244ACCE80090A4AC /* LoginVCUITests.swift */ = {isa = PBXFileReference; lastKnownFileType = sourcecode.swift; path = LoginVCUITests.swift; sourceTree = "<group>"; };
		606C60D5244AD04C0090A4AC /* RemoteConversationVCUITests.swift */ = {isa = PBXFileReference; lastKnownFileType = sourcecode.swift; path = RemoteConversationVCUITests.swift; sourceTree = "<group>"; };
		606C60D7244AD1030090A4AC /* RemoteConversationVCTests.swift */ = {isa = PBXFileReference; lastKnownFileType = sourcecode.swift; path = RemoteConversationVCTests.swift; sourceTree = "<group>"; };
		606C60D9244AD4A10090A4AC /* NotesVCUITests.swift */ = {isa = PBXFileReference; lastKnownFileType = sourcecode.swift; path = NotesVCUITests.swift; sourceTree = "<group>"; };
		606C60DB244AD5020090A4AC /* NotesVCTests.swift */ = {isa = PBXFileReference; lastKnownFileType = sourcecode.swift; path = NotesVCTests.swift; sourceTree = "<group>"; };
		606C60DD244AD6B70090A4AC /* CreateNoteVCUITests.swift */ = {isa = PBXFileReference; lastKnownFileType = sourcecode.swift; path = CreateNoteVCUITests.swift; sourceTree = "<group>"; };
		606C60DF244AD6F50090A4AC /* CreateNoteVCTests.swift */ = {isa = PBXFileReference; lastKnownFileType = sourcecode.swift; path = CreateNoteVCTests.swift; sourceTree = "<group>"; };
		606C60E1244AD8FC0090A4AC /* AddChatVCUITests.swift */ = {isa = PBXFileReference; lastKnownFileType = sourcecode.swift; path = AddChatVCUITests.swift; sourceTree = "<group>"; };
		606C60E3244ADBD40090A4AC /* AddChatVCTests.swift */ = {isa = PBXFileReference; lastKnownFileType = sourcecode.swift; path = AddChatVCTests.swift; sourceTree = "<group>"; };
		606C60E5244ADCC90090A4AC /* MessageUITests.swift */ = {isa = PBXFileReference; lastKnownFileType = sourcecode.swift; path = MessageUITests.swift; sourceTree = "<group>"; };
		6092C6D6243FB0D500C4CF7B /* NotesTableViewCell.swift */ = {isa = PBXFileReference; lastKnownFileType = sourcecode.swift; path = NotesTableViewCell.swift; sourceTree = "<group>"; };
		648354876CD76FDF397B6B0C /* libPods-iASLUITests.a */ = {isa = PBXFileReference; explicitFileType = archive.ar; includeInIndex = 0; path = "libPods-iASLUITests.a"; sourceTree = BUILT_PRODUCTS_DIR; };
		670E273824248A77003E129E /* GoogleService-Info.plist */ = {isa = PBXFileReference; fileEncoding = 4; lastKnownFileType = text.plist.xml; path = "GoogleService-Info.plist"; sourceTree = "<group>"; };
		670E273B2424904A003E129E /* model.tflite */ = {isa = PBXFileReference; lastKnownFileType = file; path = model.tflite; sourceTree = "<group>"; };
		675FD1C0243EAD0600D53116 /* HelpUsTrainWelcome.swift */ = {isa = PBXFileReference; lastKnownFileType = sourcecode.swift; path = HelpUsTrainWelcome.swift; sourceTree = "<group>"; };
		6765C7E323FB35F60083A5C5 /* ImageClassificationTests.xctest */ = {isa = PBXFileReference; explicitFileType = wrapper.cfbundle; includeInIndex = 0; path = ImageClassificationTests.xctest; sourceTree = BUILT_PRODUCTS_DIR; };
		6765C7E523FB35F60083A5C5 /* ImageClassificationTests.swift */ = {isa = PBXFileReference; lastKnownFileType = sourcecode.swift; path = ImageClassificationTests.swift; sourceTree = "<group>"; };
		6765C7E723FB35F60083A5C5 /* Info.plist */ = {isa = PBXFileReference; lastKnownFileType = text.plist.xml; path = Info.plist; sourceTree = "<group>"; };
		67ABF91A24301C1C00881646 /* iASLUITests.xctest */ = {isa = PBXFileReference; explicitFileType = wrapper.cfbundle; includeInIndex = 0; path = iASLUITests.xctest; sourceTree = BUILT_PRODUCTS_DIR; };
		67ABF91E24301C1C00881646 /* Info.plist */ = {isa = PBXFileReference; lastKnownFileType = text.plist.xml; path = Info.plist; sourceTree = "<group>"; };
		67ABF92424301CCE00881646 /* iASLUITests-Bridging-Header.h */ = {isa = PBXFileReference; lastKnownFileType = sourcecode.c.h; path = "iASLUITests-Bridging-Header.h"; sourceTree = "<group>"; };
		67ABF92524301CCE00881646 /* ASLKeyboardUITests.swift */ = {isa = PBXFileReference; lastKnownFileType = sourcecode.swift; path = ASLKeyboardUITests.swift; sourceTree = "<group>"; };
		67ABF9272430299200881646 /* ASLKeyboardTests.swift */ = {isa = PBXFileReference; lastKnownFileType = sourcecode.swift; path = ASLKeyboardTests.swift; sourceTree = "<group>"; };
		67B31A98242C038C00DC15C4 /* ChatVC.swift */ = {isa = PBXFileReference; fileEncoding = 4; lastKnownFileType = sourcecode.swift; path = ChatVC.swift; sourceTree = "<group>"; };
		67CD6E9D242AE3370004D255 /* TranscribeVC.swift */ = {isa = PBXFileReference; fileEncoding = 4; lastKnownFileType = sourcecode.swift; path = TranscribeVC.swift; sourceTree = "<group>"; };
		6E23ACD42416BE8E00495F02 /* RemoteConversationVC.swift */ = {isa = PBXFileReference; lastKnownFileType = sourcecode.swift; path = RemoteConversationVC.swift; sourceTree = "<group>"; };
		6E23ACD62416CB4000495F02 /* iASL.entitlements */ = {isa = PBXFileReference; lastKnownFileType = text.plist.entitlements; path = iASL.entitlements; sourceTree = "<group>"; };
		6E3469922421CD64009F1E7D /* SpeechToTextVC.swift */ = {isa = PBXFileReference; lastKnownFileType = sourcecode.swift; path = SpeechToTextVC.swift; sourceTree = "<group>"; };
		6E6D14CE24175AC800A185E9 /* CreateNoteVC.swift */ = {isa = PBXFileReference; lastKnownFileType = sourcecode.swift; path = CreateNoteVC.swift; sourceTree = "<group>"; };
		6E6D14D0241845D900A185E9 /* ChatTableViewCell.swift */ = {isa = PBXFileReference; lastKnownFileType = sourcecode.swift; path = ChatTableViewCell.swift; sourceTree = "<group>"; };
		6EB03F7B24251C6D009C0843 /* Extensions.swift */ = {isa = PBXFileReference; lastKnownFileType = sourcecode.swift; path = Extensions.swift; sourceTree = "<group>"; };
		6EB03F7D24253489009C0843 /* CameraBoard.swift */ = {isa = PBXFileReference; lastKnownFileType = sourcecode.swift; path = CameraBoard.swift; sourceTree = "<group>"; };
		6ED11B8B2424145E000CF870 /* short_notification.mp3 */ = {isa = PBXFileReference; lastKnownFileType = audio.mp3; path = short_notification.mp3; sourceTree = "<group>"; };
		6ED11B8C242414A1000CF870 /* simple_notification.mp3 */ = {isa = PBXFileReference; lastKnownFileType = audio.mp3; path = simple_notification.mp3; sourceTree = "<group>"; };
		6EF328FA24173A430071E430 /* NotesVC.swift */ = {isa = PBXFileReference; lastKnownFileType = sourcecode.swift; path = NotesVC.swift; sourceTree = "<group>"; };
		A573A6AC59228701557E4796 /* Pods_ImageClassification.framework */ = {isa = PBXFileReference; explicitFileType = wrapper.framework; includeInIndex = 0; path = Pods_ImageClassification.framework; sourceTree = BUILT_PRODUCTS_DIR; };
		AA16E5A12180843700D9E153 /* InfoCell.swift */ = {isa = PBXFileReference; fileEncoding = 4; lastKnownFileType = sourcecode.swift; path = InfoCell.swift; sourceTree = "<group>"; };
		AA5FEB7C21355CCC00F9BD4B /* labels.txt */ = {isa = PBXFileReference; fileEncoding = 4; lastKnownFileType = text; path = labels.txt; sourceTree = "<group>"; };
		AAAB096D218981FA0015A1F2 /* CVPixelBufferExtension.swift */ = {isa = PBXFileReference; lastKnownFileType = sourcecode.swift; path = CVPixelBufferExtension.swift; sourceTree = "<group>"; };
		AABFCBB1213FE0B100C0A67B /* ModelDataHandler.swift */ = {isa = PBXFileReference; fileEncoding = 4; lastKnownFileType = sourcecode.swift; path = ModelDataHandler.swift; sourceTree = "<group>"; };
		AAE79E56213521DA00E7AC1F /* iASL.app */ = {isa = PBXFileReference; explicitFileType = wrapper.application; includeInIndex = 0; path = iASL.app; sourceTree = BUILT_PRODUCTS_DIR; };
		AAE79E59213521DA00E7AC1F /* AppDelegate.swift */ = {isa = PBXFileReference; lastKnownFileType = sourcecode.swift; path = AppDelegate.swift; sourceTree = "<group>"; };
		AAE79E5E213521DA00E7AC1F /* Base */ = {isa = PBXFileReference; lastKnownFileType = file.storyboard; name = Base; path = Base.lproj/Main.storyboard; sourceTree = "<group>"; };
		AAE79E60213521DB00E7AC1F /* Assets.xcassets */ = {isa = PBXFileReference; lastKnownFileType = folder.assetcatalog; path = Assets.xcassets; sourceTree = "<group>"; };
		AAE79E63213521DB00E7AC1F /* Base */ = {isa = PBXFileReference; lastKnownFileType = file.storyboard; name = Base; path = Base.lproj/LaunchScreen.storyboard; sourceTree = "<group>"; };
		AAE79E65213521DB00E7AC1F /* Info.plist */ = {isa = PBXFileReference; lastKnownFileType = text.plist.xml; path = Info.plist; sourceTree = "<group>"; };
		AAE79E942135237A00E7AC1F /* ViewController.swift */ = {isa = PBXFileReference; fileEncoding = 4; lastKnownFileType = sourcecode.swift; path = ViewController.swift; sourceTree = "<group>"; };
		AAE79E982135268800E7AC1F /* PreviewView.swift */ = {isa = PBXFileReference; fileEncoding = 4; lastKnownFileType = sourcecode.swift; path = PreviewView.swift; sourceTree = "<group>"; };
		AAE79E992135268800E7AC1F /* CameraFeedManager.swift */ = {isa = PBXFileReference; fileEncoding = 4; lastKnownFileType = sourcecode.swift; path = CameraFeedManager.swift; sourceTree = "<group>"; };
		E081C68E477B7C0C30B4A380 /* Pods-ImageClassification.debug.xcconfig */ = {isa = PBXFileReference; includeInIndex = 1; lastKnownFileType = text.xcconfig; name = "Pods-ImageClassification.debug.xcconfig"; path = "Target Support Files/Pods-ImageClassification/Pods-ImageClassification.debug.xcconfig"; sourceTree = "<group>"; };
/* End PBXFileReference section */

/* Begin PBXFrameworksBuildPhase section */
		6765C7E023FB35F60083A5C5 /* Frameworks */ = {
			isa = PBXFrameworksBuildPhase;
			buildActionMask = 2147483647;
			files = (
			);
			runOnlyForDeploymentPostprocessing = 0;
		};
		67ABF91724301C1C00881646 /* Frameworks */ = {
			isa = PBXFrameworksBuildPhase;
			buildActionMask = 2147483647;
			files = (
				CC6CC051A7EF398FD3281A94 /* libPods-iASLUITests.a in Frameworks */,
			);
			runOnlyForDeploymentPostprocessing = 0;
		};
		AAE79E53213521DA00E7AC1F /* Frameworks */ = {
			isa = PBXFrameworksBuildPhase;
			buildActionMask = 2147483647;
			files = (
				1CC994B893803D5FC4094B4C /* Pods_ImageClassification.framework in Frameworks */,
			);
			runOnlyForDeploymentPostprocessing = 0;
		};
/* End PBXFrameworksBuildPhase section */

/* Begin PBXGroup section */
		2A93ED2EC57590DCEFC6C694 /* Pods */ = {
			isa = PBXGroup;
			children = (
				E081C68E477B7C0C30B4A380 /* Pods-ImageClassification.debug.xcconfig */,
				1CB39A98F737B72BFEAC428E /* Pods-ImageClassification.release.xcconfig */,
				037245449AA29AC28566AD6B /* Pods-iASLUITests.debug.xcconfig */,
				46E3056D271106EF0DF983AE /* Pods-iASLUITests.release.xcconfig */,
			);
			path = Pods;
			sourceTree = "<group>";
		};
		602388982426E01B0041E2C3 /* Object Models */ = {
			isa = PBXGroup;
			children = (
				602388992426E37A0041E2C3 /* User.swift */,
				6023889B2426E3A40041E2C3 /* Message.swift */,
				6013906B2438F07200BFD61E /* Note.swift */,
			);
			path = "Object Models";
			sourceTree = "<group>";
		};
		668F265B2A7908C59C5087F6 /* Frameworks */ = {
			isa = PBXGroup;
			children = (
				A573A6AC59228701557E4796 /* Pods_ImageClassification.framework */,
				648354876CD76FDF397B6B0C /* libPods-iASLUITests.a */,
			);
			name = Frameworks;
			sourceTree = "<group>";
		};
		6765C7E423FB35F60083A5C5 /* ImageClassificationTests */ = {
			isa = PBXGroup;
			children = (
				6765C7E523FB35F60083A5C5 /* ImageClassificationTests.swift */,
				6765C7E723FB35F60083A5C5 /* Info.plist */,
				67ABF9272430299200881646 /* ASLKeyboardTests.swift */,
				601C1F12244A0C6700F44299 /* MessageTests.swift */,
				601C1F14244A60AE00F44299 /* ChatVCTests.swift */,
				606C60D7244AD1030090A4AC /* RemoteConversationVCTests.swift */,
				606C60DB244AD5020090A4AC /* NotesVCTests.swift */,
				606C60DF244AD6F50090A4AC /* CreateNoteVCTests.swift */,
				606C60E3244ADBD40090A4AC /* AddChatVCTests.swift */,
			);
			path = ImageClassificationTests;
			sourceTree = "<group>";
		};
		67ABF91B24301C1C00881646 /* iASLUITests */ = {
			isa = PBXGroup;
			children = (
				67ABF91E24301C1C00881646 /* Info.plist */,
				67ABF92524301CCE00881646 /* ASLKeyboardUITests.swift */,
				67ABF92424301CCE00881646 /* iASLUITests-Bridging-Header.h */,
				606C60D1244AC7810090A4AC /* ChatVCUITests.swift */,
				606C60E5244ADCC90090A4AC /* MessageUITests.swift */,
				606C60D3244ACCE80090A4AC /* LoginVCUITests.swift */,
				606C60D5244AD04C0090A4AC /* RemoteConversationVCUITests.swift */,
				606C60D9244AD4A10090A4AC /* NotesVCUITests.swift */,
				606C60DD244AD6B70090A4AC /* CreateNoteVCUITests.swift */,
				606C60E1244AD8FC0090A4AC /* AddChatVCUITests.swift */,
			);
			path = iASLUITests;
			sourceTree = "<group>";
		};
		AA16E5A02180843700D9E153 /* Cells */ = {
			isa = PBXGroup;
			children = (
				AA16E5A12180843700D9E153 /* InfoCell.swift */,
				60075D68242C29F700D84544 /* ChatUserCell.swift */,
				602388962426D9A40041E2C3 /* ChatMessageCell.swift */,
				6092C6D6243FB0D500C4CF7B /* NotesTableViewCell.swift */,
			);
			path = Cells;
			sourceTree = "<group>";
		};
		AA24751A2170A054000B6A31 /* Views */ = {
			isa = PBXGroup;
			children = (
			);
			path = Views;
			sourceTree = "<group>";
		};
		AA5FEB7A21355CCC00F9BD4B /* Model */ = {
			isa = PBXGroup;
			children = (
				670E273B2424904A003E129E /* model.tflite */,
				AA5FEB7C21355CCC00F9BD4B /* labels.txt */,
			);
			path = Model;
			sourceTree = "<group>";
		};
		AA5FEB7F21355D0300F9BD4B /* Storyboards */ = {
			isa = PBXGroup;
			children = (
				AAE79E62213521DB00E7AC1F /* LaunchScreen.storyboard */,
				AAE79E5D213521DA00E7AC1F /* Main.storyboard */,
			);
			path = Storyboards;
			sourceTree = "<group>";
		};
		AAAB096C218981A30015A1F2 /* Extensions */ = {
			isa = PBXGroup;
			children = (
				AAAB096D218981FA0015A1F2 /* CVPixelBufferExtension.swift */,
			);
			path = Extensions;
			sourceTree = "<group>";
		};
		AABFCBB0213FE05000C0A67B /* ModelDataHandler */ = {
			isa = PBXGroup;
			children = (
				AABFCBB1213FE0B100C0A67B /* ModelDataHandler.swift */,
			);
			path = ModelDataHandler;
			sourceTree = "<group>";
		};
		AAE79E4D213521DA00E7AC1F = {
			isa = PBXGroup;
			children = (
				AAE79E58213521DA00E7AC1F /* ImageClassification */,
				6765C7E423FB35F60083A5C5 /* ImageClassificationTests */,
				67ABF91B24301C1C00881646 /* iASLUITests */,
				AAE79E57213521DA00E7AC1F /* Products */,
				2A93ED2EC57590DCEFC6C694 /* Pods */,
				668F265B2A7908C59C5087F6 /* Frameworks */,
			);
			sourceTree = "<group>";
		};
		AAE79E57213521DA00E7AC1F /* Products */ = {
			isa = PBXGroup;
			children = (
				AAE79E56213521DA00E7AC1F /* iASL.app */,
				6765C7E323FB35F60083A5C5 /* ImageClassificationTests.xctest */,
				67ABF91A24301C1C00881646 /* iASLUITests.xctest */,
			);
			name = Products;
			sourceTree = "<group>";
		};
		AAE79E58213521DA00E7AC1F /* ImageClassification */ = {
			isa = PBXGroup;
			children = (
				6ED11B8B2424145E000CF870 /* short_notification.mp3 */,
				6ED11B8C242414A1000CF870 /* simple_notification.mp3 */,
				6E23ACD62416CB4000495F02 /* iASL.entitlements */,
				670E273824248A77003E129E /* GoogleService-Info.plist */,
				AAE79E59213521DA00E7AC1F /* AppDelegate.swift */,
				602388982426E01B0041E2C3 /* Object Models */,
				AAAB096C218981A30015A1F2 /* Extensions */,
				AA16E5A02180843700D9E153 /* Cells */,
				AA24751A2170A054000B6A31 /* Views */,
				AABFCBB0213FE05000C0A67B /* ModelDataHandler */,
				AAE79E932135236700E7AC1F /* ViewControllers */,
				AAE79E972135268800E7AC1F /* Camera Feed */,
				AA5FEB7A21355CCC00F9BD4B /* Model */,
				AA5FEB7F21355D0300F9BD4B /* Storyboards */,
				AAE79E60213521DB00E7AC1F /* Assets.xcassets */,
				AAE79E65213521DB00E7AC1F /* Info.plist */,
			);
			path = ImageClassification;
			sourceTree = "<group>";
		};
		AAE79E932135236700E7AC1F /* ViewControllers */ = {
			isa = PBXGroup;
			children = (
				67B31A98242C038C00DC15C4 /* ChatVC.swift */,
				6EB03F7D24253489009C0843 /* CameraBoard.swift */,
				67CD6E9D242AE3370004D255 /* TranscribeVC.swift */,
				AAE79E942135237A00E7AC1F /* ViewController.swift */,
				675FD1C0243EAD0600D53116 /* HelpUsTrainWelcome.swift */,
				6EB03F7B24251C6D009C0843 /* Extensions.swift */,
				6E3469922421CD64009F1E7D /* SpeechToTextVC.swift */,
				602388942425A43E0041E2C3 /* LoginVC.swift */,
				6E23ACD42416BE8E00495F02 /* RemoteConversationVC.swift */,
				6E6D14D0241845D900A185E9 /* ChatTableViewCell.swift */,
				6EF328FA24173A430071E430 /* NotesVC.swift */,
				6E6D14CE24175AC800A185E9 /* CreateNoteVC.swift */,
				60075D66242C00B500D84544 /* AddChatVC.swift */,
			);
			path = ViewControllers;
			sourceTree = "<group>";
		};
		AAE79E972135268800E7AC1F /* Camera Feed */ = {
			isa = PBXGroup;
			children = (
				AAE79E982135268800E7AC1F /* PreviewView.swift */,
				AAE79E992135268800E7AC1F /* CameraFeedManager.swift */,
			);
			path = "Camera Feed";
			sourceTree = "<group>";
		};
/* End PBXGroup section */

/* Begin PBXNativeTarget section */
		6765C7E223FB35F60083A5C5 /* ImageClassificationTests */ = {
			isa = PBXNativeTarget;
			buildConfigurationList = 6765C7EC23FB35F70083A5C5 /* Build configuration list for PBXNativeTarget "ImageClassificationTests" */;
			buildPhases = (
				6765C7DF23FB35F60083A5C5 /* Sources */,
				6765C7E023FB35F60083A5C5 /* Frameworks */,
				6765C7E123FB35F60083A5C5 /* Resources */,
			);
			buildRules = (
			);
			dependencies = (
				6765C7E923FB35F60083A5C5 /* PBXTargetDependency */,
			);
			name = ImageClassificationTests;
			productName = ImageClassificationTests;
			productReference = 6765C7E323FB35F60083A5C5 /* ImageClassificationTests.xctest */;
			productType = "com.apple.product-type.bundle.unit-test";
		};
		67ABF91924301C1C00881646 /* iASLUITests */ = {
			isa = PBXNativeTarget;
			buildConfigurationList = 67ABF92124301C1C00881646 /* Build configuration list for PBXNativeTarget "iASLUITests" */;
			buildPhases = (
				C6B652F9C80E54D1E85509CC /* [CP] Check Pods Manifest.lock */,
				67ABF91624301C1C00881646 /* Sources */,
				67ABF91724301C1C00881646 /* Frameworks */,
				67ABF91824301C1C00881646 /* Resources */,
			);
			buildRules = (
			);
			dependencies = (
				67ABF92024301C1C00881646 /* PBXTargetDependency */,
			);
			name = iASLUITests;
			productName = iASLUITests;
			productReference = 67ABF91A24301C1C00881646 /* iASLUITests.xctest */;
			productType = "com.apple.product-type.bundle.ui-testing";
		};
		AAE79E55213521DA00E7AC1F /* ImageClassification */ = {
			isa = PBXNativeTarget;
			buildConfigurationList = AAE79E7E213521DB00E7AC1F /* Build configuration list for PBXNativeTarget "ImageClassification" */;
			buildPhases = (
				5FE494921354CCDA72FE9122 /* [CP] Check Pods Manifest.lock */,
				AA055D8B2162320A00B25948 /* ShellScript */,
				AAE79E52213521DA00E7AC1F /* Sources */,
				AAE79E53213521DA00E7AC1F /* Frameworks */,
				AAE79E54213521DA00E7AC1F /* Resources */,
				D91FF7217D4A64F5356D1151 /* [CP] Embed Pods Frameworks */,
			);
			buildRules = (
			);
			dependencies = (
			);
			name = ImageClassification;
			productName = ImageClassification;
			productReference = AAE79E56213521DA00E7AC1F /* iASL.app */;
			productType = "com.apple.product-type.application";
		};
/* End PBXNativeTarget section */

/* Begin PBXProject section */
		AAE79E4E213521DA00E7AC1F /* Project object */ = {
			isa = PBXProject;
			attributes = {
				LastSwiftUpdateCheck = 1140;
				LastUpgradeCheck = 0940;
				ORGANIZATIONNAME = "Y Media Labs";
				TargetAttributes = {
					6765C7E223FB35F60083A5C5 = {
						CreatedOnToolsVersion = 11.3;
						TestTargetID = AAE79E55213521DA00E7AC1F;
					};
					67ABF91924301C1C00881646 = {
						CreatedOnToolsVersion = 11.4;
						LastSwiftMigration = 1140;
						TestTargetID = AAE79E55213521DA00E7AC1F;
					};
					AAE79E55213521DA00E7AC1F = {
						CreatedOnToolsVersion = 9.4.1;
						LastSwiftMigration = 1110;
					};
				};
			};
			buildConfigurationList = AAE79E51213521DA00E7AC1F /* Build configuration list for PBXProject "ImageClassification" */;
			compatibilityVersion = "Xcode 9.3";
			developmentRegion = en;
			hasScannedForEncodings = 0;
			knownRegions = (
				en,
				Base,
			);
			mainGroup = AAE79E4D213521DA00E7AC1F;
			productRefGroup = AAE79E57213521DA00E7AC1F /* Products */;
			projectDirPath = "";
			projectRoot = "";
			targets = (
				AAE79E55213521DA00E7AC1F /* ImageClassification */,
				6765C7E223FB35F60083A5C5 /* ImageClassificationTests */,
				67ABF91924301C1C00881646 /* iASLUITests */,
			);
		};
/* End PBXProject section */

/* Begin PBXResourcesBuildPhase section */
		6765C7E123FB35F60083A5C5 /* Resources */ = {
			isa = PBXResourcesBuildPhase;
			buildActionMask = 2147483647;
			files = (
			);
			runOnlyForDeploymentPostprocessing = 0;
		};
		67ABF91824301C1C00881646 /* Resources */ = {
			isa = PBXResourcesBuildPhase;
			buildActionMask = 2147483647;
			files = (
			);
			runOnlyForDeploymentPostprocessing = 0;
		};
		AAE79E54213521DA00E7AC1F /* Resources */ = {
			isa = PBXResourcesBuildPhase;
			buildActionMask = 2147483647;
			files = (
				AAE79E64213521DB00E7AC1F /* LaunchScreen.storyboard in Resources */,
				670E273C2424904A003E129E /* model.tflite in Resources */,
				AAE79E61213521DB00E7AC1F /* Assets.xcassets in Resources */,
				AA5FEB7E21355CCC00F9BD4B /* labels.txt in Resources */,
				AAE79E5F213521DA00E7AC1F /* Main.storyboard in Resources */,
				670E273924248A78003E129E /* GoogleService-Info.plist in Resources */,
			);
			runOnlyForDeploymentPostprocessing = 0;
		};
/* End PBXResourcesBuildPhase section */

/* Begin PBXShellScriptBuildPhase section */
		5FE494921354CCDA72FE9122 /* [CP] Check Pods Manifest.lock */ = {
			isa = PBXShellScriptBuildPhase;
			buildActionMask = 2147483647;
			files = (
			);
			inputFileListPaths = (
			);
			inputPaths = (
				"${PODS_PODFILE_DIR_PATH}/Podfile.lock",
				"${PODS_ROOT}/Manifest.lock",
			);
			name = "[CP] Check Pods Manifest.lock";
			outputFileListPaths = (
			);
			outputPaths = (
				"$(DERIVED_FILE_DIR)/Pods-ImageClassification-checkManifestLockResult.txt",
			);
			runOnlyForDeploymentPostprocessing = 0;
			shellPath = /bin/sh;
			shellScript = "diff \"${PODS_PODFILE_DIR_PATH}/Podfile.lock\" \"${PODS_ROOT}/Manifest.lock\" > /dev/null\nif [ $? != 0 ] ; then\n    # print error to STDERR\n    echo \"error: The sandbox is not in sync with the Podfile.lock. Run 'pod install' or update your CocoaPods installation.\" >&2\n    exit 1\nfi\n# This output is used by Xcode 'outputs' to avoid re-running this script phase.\necho \"SUCCESS\" > \"${SCRIPT_OUTPUT_FILE_0}\"\n";
			showEnvVarsInLog = 0;
		};
		AA055D8B2162320A00B25948 /* ShellScript */ = {
			isa = PBXShellScriptBuildPhase;
			buildActionMask = 2147483647;
			files = (
			);
			inputFileListPaths = (
			);
			inputPaths = (
			);
			outputFileListPaths = (
			);
			outputPaths = (
			);
			runOnlyForDeploymentPostprocessing = 0;
			shellPath = /bin/sh;
			shellScript = "# Type a script or drag a script file from your workspace to insert its path.\n$SRCROOT/RunScripts/download_models.sh\n\n";
		};
		C6B652F9C80E54D1E85509CC /* [CP] Check Pods Manifest.lock */ = {
			isa = PBXShellScriptBuildPhase;
			buildActionMask = 2147483647;
			files = (
			);
			inputFileListPaths = (
			);
			inputPaths = (
				"${PODS_PODFILE_DIR_PATH}/Podfile.lock",
				"${PODS_ROOT}/Manifest.lock",
			);
			name = "[CP] Check Pods Manifest.lock";
			outputFileListPaths = (
			);
			outputPaths = (
				"$(DERIVED_FILE_DIR)/Pods-iASLUITests-checkManifestLockResult.txt",
			);
			runOnlyForDeploymentPostprocessing = 0;
			shellPath = /bin/sh;
			shellScript = "diff \"${PODS_PODFILE_DIR_PATH}/Podfile.lock\" \"${PODS_ROOT}/Manifest.lock\" > /dev/null\nif [ $? != 0 ] ; then\n    # print error to STDERR\n    echo \"error: The sandbox is not in sync with the Podfile.lock. Run 'pod install' or update your CocoaPods installation.\" >&2\n    exit 1\nfi\n# This output is used by Xcode 'outputs' to avoid re-running this script phase.\necho \"SUCCESS\" > \"${SCRIPT_OUTPUT_FILE_0}\"\n";
			showEnvVarsInLog = 0;
		};
		D91FF7217D4A64F5356D1151 /* [CP] Embed Pods Frameworks */ = {
			isa = PBXShellScriptBuildPhase;
			buildActionMask = 2147483647;
			files = (
			);
			inputFileListPaths = (
				"${PODS_ROOT}/Target Support Files/Pods-ImageClassification/Pods-ImageClassification-frameworks-${CONFIGURATION}-input-files.xcfilelist",
			);
			name = "[CP] Embed Pods Frameworks";
			outputFileListPaths = (
				"${PODS_ROOT}/Target Support Files/Pods-ImageClassification/Pods-ImageClassification-frameworks-${CONFIGURATION}-output-files.xcfilelist",
			);
			runOnlyForDeploymentPostprocessing = 0;
			shellPath = /bin/sh;
			shellScript = "\"${PODS_ROOT}/Target Support Files/Pods-ImageClassification/Pods-ImageClassification-frameworks.sh\"\n";
			showEnvVarsInLog = 0;
		};
/* End PBXShellScriptBuildPhase section */

/* Begin PBXSourcesBuildPhase section */
		6765C7DF23FB35F60083A5C5 /* Sources */ = {
			isa = PBXSourcesBuildPhase;
			buildActionMask = 2147483647;
			files = (
				606C60DC244AD5020090A4AC /* NotesVCTests.swift in Sources */,
				601C1F15244A60AF00F44299 /* ChatVCTests.swift in Sources */,
				6765C7E623FB35F60083A5C5 /* ImageClassificationTests.swift in Sources */,
				601C1F13244A0C6700F44299 /* MessageTests.swift in Sources */,
				606C60E4244ADBD40090A4AC /* AddChatVCTests.swift in Sources */,
				606C60E0244AD6F50090A4AC /* CreateNoteVCTests.swift in Sources */,
				606C60D8244AD1030090A4AC /* RemoteConversationVCTests.swift in Sources */,
				67ABF9282430299200881646 /* ASLKeyboardTests.swift in Sources */,
			);
			runOnlyForDeploymentPostprocessing = 0;
		};
		67ABF91624301C1C00881646 /* Sources */ = {
			isa = PBXSourcesBuildPhase;
			buildActionMask = 2147483647;
			files = (
				606C60DE244AD6B70090A4AC /* CreateNoteVCUITests.swift in Sources */,
				606C60D2244AC7810090A4AC /* ChatVCUITests.swift in Sources */,
				606C60D4244ACCE80090A4AC /* LoginVCUITests.swift in Sources */,
				67ABF92624301CCE00881646 /* ASLKeyboardUITests.swift in Sources */,
				606C60DA244AD4A10090A4AC /* NotesVCUITests.swift in Sources */,
				606C60E6244ADCC90090A4AC /* MessageUITests.swift in Sources */,
				606C60E2244AD8FC0090A4AC /* AddChatVCUITests.swift in Sources */,
				606C60D6244AD04C0090A4AC /* RemoteConversationVCUITests.swift in Sources */,
			);
			runOnlyForDeploymentPostprocessing = 0;
		};
		AAE79E52213521DA00E7AC1F /* Sources */ = {
			isa = PBXSourcesBuildPhase;
			buildActionMask = 2147483647;
			files = (
				67CD6E9E242AE3380004D255 /* TranscribeVC.swift in Sources */,
				602388972426D9A40041E2C3 /* ChatMessageCell.swift in Sources */,
				6013906C2438F07200BFD61E /* Note.swift in Sources */,
				AAE79E952135237A00E7AC1F /* ViewController.swift in Sources */,
				675FD1C1243EAD0600D53116 /* HelpUsTrainWelcome.swift in Sources */,
				6E3469932421CD64009F1E7D /* SpeechToTextVC.swift in Sources */,
				602388952425A43E0041E2C3 /* LoginVC.swift in Sources */,
				6EF328FB24173A430071E430 /* NotesVC.swift in Sources */,
				67B31A99242C038C00DC15C4 /* ChatVC.swift in Sources */,
				6E6D14CF24175AC800A185E9 /* CreateNoteVC.swift in Sources */,
				AAE79E9A2135268800E7AC1F /* PreviewView.swift in Sources */,
				6E23ACD52416BE8E00495F02 /* RemoteConversationVC.swift in Sources */,
				6013906A2437E1B100BFD61E /* ChatUserCell.swift in Sources */,
				60075D67242C00B500D84544 /* AddChatVC.swift in Sources */,
				AAE79E9B2135268800E7AC1F /* CameraFeedManager.swift in Sources */,
				6EB03F7E24253489009C0843 /* CameraBoard.swift in Sources */,
				AAAB096E218981FA0015A1F2 /* CVPixelBufferExtension.swift in Sources */,
				AA16E5A22180843800D9E153 /* InfoCell.swift in Sources */,
				AABFCBB2213FE0B100C0A67B /* ModelDataHandler.swift in Sources */,
				6E6D14D1241845D900A185E9 /* ChatTableViewCell.swift in Sources */,
				6023889C2426E3A40041E2C3 /* Message.swift in Sources */,
				6EB03F7C24251C6D009C0843 /* Extensions.swift in Sources */,
				AAE79E5A213521DA00E7AC1F /* AppDelegate.swift in Sources */,
				6023889A2426E37A0041E2C3 /* User.swift in Sources */,
				6092C6D7243FB0D500C4CF7B /* NotesTableViewCell.swift in Sources */,
			);
			runOnlyForDeploymentPostprocessing = 0;
		};
/* End PBXSourcesBuildPhase section */

/* Begin PBXTargetDependency section */
		6765C7E923FB35F60083A5C5 /* PBXTargetDependency */ = {
			isa = PBXTargetDependency;
			target = AAE79E55213521DA00E7AC1F /* ImageClassification */;
			targetProxy = 6765C7E823FB35F60083A5C5 /* PBXContainerItemProxy */;
		};
		67ABF92024301C1C00881646 /* PBXTargetDependency */ = {
			isa = PBXTargetDependency;
			target = AAE79E55213521DA00E7AC1F /* ImageClassification */;
			targetProxy = 67ABF91F24301C1C00881646 /* PBXContainerItemProxy */;
		};
/* End PBXTargetDependency section */

/* Begin PBXVariantGroup section */
		AAE79E5D213521DA00E7AC1F /* Main.storyboard */ = {
			isa = PBXVariantGroup;
			children = (
				AAE79E5E213521DA00E7AC1F /* Base */,
			);
			name = Main.storyboard;
			sourceTree = "<group>";
		};
		AAE79E62213521DB00E7AC1F /* LaunchScreen.storyboard */ = {
			isa = PBXVariantGroup;
			children = (
				AAE79E63213521DB00E7AC1F /* Base */,
			);
			name = LaunchScreen.storyboard;
			sourceTree = "<group>";
		};
/* End PBXVariantGroup section */

/* Begin XCBuildConfiguration section */
		6765C7EA23FB35F70083A5C5 /* Debug */ = {
			isa = XCBuildConfiguration;
			buildSettings = {
				BUNDLE_LOADER = "$(TEST_HOST)";
				CODE_SIGN_STYLE = Automatic;
				DEVELOPMENT_TEAM = N6ESLEE34B;
				HEADER_SEARCH_PATHS = "${SRCROOT}/Pods/Firebase/CoreOnly/Sources";
				INFOPLIST_FILE = ImageClassificationTests/Info.plist;
				IPHONEOS_DEPLOYMENT_TARGET = 13.2;
				LD_RUNPATH_SEARCH_PATHS = (
					"$(inherited)",
					"@executable_path/Frameworks",
					"@loader_path/Frameworks",
				);
				MTL_ENABLE_DEBUG_INFO = INCLUDE_SOURCE;
				MTL_FAST_MATH = YES;
				PRODUCT_BUNDLE_IDENTIFIER = electricbluefish.ImageClassificationTests;
				PRODUCT_NAME = "$(TARGET_NAME)";
				SWIFT_VERSION = 5.0;
				TARGETED_DEVICE_FAMILY = "1,2";
				TEST_HOST = "$(BUILT_PRODUCTS_DIR)/iASL.app/iASL";
			};
			name = Debug;
		};
		6765C7EB23FB35F70083A5C5 /* Release */ = {
			isa = XCBuildConfiguration;
			buildSettings = {
				BUNDLE_LOADER = "$(TEST_HOST)";
				CODE_SIGN_STYLE = Automatic;
				DEVELOPMENT_TEAM = N6ESLEE34B;
				HEADER_SEARCH_PATHS = "${SRCROOT}/Pods/Firebase/CoreOnly/Sources";
				INFOPLIST_FILE = ImageClassificationTests/Info.plist;
				IPHONEOS_DEPLOYMENT_TARGET = 13.2;
				LD_RUNPATH_SEARCH_PATHS = (
					"$(inherited)",
					"@executable_path/Frameworks",
					"@loader_path/Frameworks",
				);
				MTL_FAST_MATH = YES;
				PRODUCT_BUNDLE_IDENTIFIER = electricbluefish.ImageClassificationTests;
				PRODUCT_NAME = "$(TARGET_NAME)";
				SWIFT_VERSION = 5.0;
				TARGETED_DEVICE_FAMILY = "1,2";
				TEST_HOST = "$(BUILT_PRODUCTS_DIR)/iASL.app/iASL";
			};
			name = Release;
		};
		67ABF92224301C1C00881646 /* Debug */ = {
			isa = XCBuildConfiguration;
			baseConfigurationReference = 037245449AA29AC28566AD6B /* Pods-iASLUITests.debug.xcconfig */;
			buildSettings = {
				CLANG_ENABLE_MODULES = YES;
				CODE_SIGN_STYLE = Automatic;
				DEVELOPMENT_TEAM = N6ESLEE34B;
				INFOPLIST_FILE = iASLUITests/Info.plist;
				IPHONEOS_DEPLOYMENT_TARGET = 12.0;
				LD_RUNPATH_SEARCH_PATHS = (
					"$(inherited)",
					"@executable_path/Frameworks",
					"@loader_path/Frameworks",
				);
				MTL_ENABLE_DEBUG_INFO = INCLUDE_SOURCE;
				MTL_FAST_MATH = YES;
				PRODUCT_BUNDLE_IDENTIFIER = electricbluefish.iASLUITests;
				PRODUCT_NAME = "$(TARGET_NAME)";
				SWIFT_OBJC_BRIDGING_HEADER = "iASLUITests/iASLUITests-Bridging-Header.h";
				SWIFT_OPTIMIZATION_LEVEL = "-Onone";
				SWIFT_VERSION = 5.0;
				TARGETED_DEVICE_FAMILY = "1,2";
				TEST_TARGET_NAME = ImageClassification;
			};
			name = Debug;
		};
		67ABF92324301C1C00881646 /* Release */ = {
			isa = XCBuildConfiguration;
			baseConfigurationReference = 46E3056D271106EF0DF983AE /* Pods-iASLUITests.release.xcconfig */;
			buildSettings = {
				CLANG_ENABLE_MODULES = YES;
				CODE_SIGN_STYLE = Automatic;
				DEVELOPMENT_TEAM = N6ESLEE34B;
				INFOPLIST_FILE = iASLUITests/Info.plist;
				IPHONEOS_DEPLOYMENT_TARGET = 12.0;
				LD_RUNPATH_SEARCH_PATHS = (
					"$(inherited)",
					"@executable_path/Frameworks",
					"@loader_path/Frameworks",
				);
				MTL_FAST_MATH = YES;
				PRODUCT_BUNDLE_IDENTIFIER = electricbluefish.iASLUITests;
				PRODUCT_NAME = "$(TARGET_NAME)";
				SWIFT_OBJC_BRIDGING_HEADER = "iASLUITests/iASLUITests-Bridging-Header.h";
				SWIFT_VERSION = 5.0;
				TARGETED_DEVICE_FAMILY = "1,2";
				TEST_TARGET_NAME = ImageClassification;
			};
			name = Release;
		};
		AAE79E7C213521DB00E7AC1F /* Debug */ = {
			isa = XCBuildConfiguration;
			buildSettings = {
				ALWAYS_SEARCH_USER_PATHS = NO;
				CLANG_ANALYZER_NONNULL = YES;
				CLANG_ANALYZER_NUMBER_OBJECT_CONVERSION = YES_AGGRESSIVE;
				CLANG_CXX_LANGUAGE_STANDARD = "gnu++14";
				CLANG_CXX_LIBRARY = "libc++";
				CLANG_ENABLE_MODULES = YES;
				CLANG_ENABLE_OBJC_ARC = YES;
				CLANG_ENABLE_OBJC_WEAK = YES;
				CLANG_WARN_BLOCK_CAPTURE_AUTORELEASING = YES;
				CLANG_WARN_BOOL_CONVERSION = YES;
				CLANG_WARN_COMMA = YES;
				CLANG_WARN_CONSTANT_CONVERSION = YES;
				CLANG_WARN_DEPRECATED_OBJC_IMPLEMENTATIONS = YES;
				CLANG_WARN_DIRECT_OBJC_ISA_USAGE = YES_ERROR;
				CLANG_WARN_DOCUMENTATION_COMMENTS = YES;
				CLANG_WARN_EMPTY_BODY = YES;
				CLANG_WARN_ENUM_CONVERSION = YES;
				CLANG_WARN_INFINITE_RECURSION = YES;
				CLANG_WARN_INT_CONVERSION = YES;
				CLANG_WARN_NON_LITERAL_NULL_CONVERSION = YES;
				CLANG_WARN_OBJC_IMPLICIT_RETAIN_SELF = YES;
				CLANG_WARN_OBJC_LITERAL_CONVERSION = YES;
				CLANG_WARN_OBJC_ROOT_CLASS = YES_ERROR;
				CLANG_WARN_RANGE_LOOP_ANALYSIS = YES;
				CLANG_WARN_STRICT_PROTOTYPES = YES;
				CLANG_WARN_SUSPICIOUS_MOVE = YES;
				CLANG_WARN_UNGUARDED_AVAILABILITY = YES_AGGRESSIVE;
				CLANG_WARN_UNREACHABLE_CODE = YES;
				CLANG_WARN__DUPLICATE_METHOD_MATCH = YES;
				CODE_SIGN_IDENTITY = "iPhone Developer";
				COPY_PHASE_STRIP = NO;
				DEBUG_INFORMATION_FORMAT = dwarf;
				ENABLE_STRICT_OBJC_MSGSEND = YES;
				ENABLE_TESTABILITY = YES;
				GCC_C_LANGUAGE_STANDARD = gnu11;
				GCC_DYNAMIC_NO_PIC = NO;
				GCC_NO_COMMON_BLOCKS = YES;
				GCC_OPTIMIZATION_LEVEL = 0;
				GCC_PREPROCESSOR_DEFINITIONS = (
					"DEBUG=1",
					"$(inherited)",
				);
				GCC_WARN_64_TO_32_BIT_CONVERSION = YES;
				GCC_WARN_ABOUT_RETURN_TYPE = YES_ERROR;
				GCC_WARN_UNDECLARED_SELECTOR = YES;
				GCC_WARN_UNINITIALIZED_AUTOS = YES_AGGRESSIVE;
				GCC_WARN_UNUSED_FUNCTION = YES;
				GCC_WARN_UNUSED_VARIABLE = YES;
				IPHONEOS_DEPLOYMENT_TARGET = 11.4;
				MTL_ENABLE_DEBUG_INFO = YES;
				ONLY_ACTIVE_ARCH = YES;
				SDKROOT = iphoneos;
				SWIFT_ACTIVE_COMPILATION_CONDITIONS = DEBUG;
				SWIFT_OPTIMIZATION_LEVEL = "-Onone";
				SWIFT_VERSION = 4.2;
			};
			name = Debug;
		};
		AAE79E7D213521DB00E7AC1F /* Release */ = {
			isa = XCBuildConfiguration;
			buildSettings = {
				ALWAYS_SEARCH_USER_PATHS = NO;
				CLANG_ANALYZER_NONNULL = YES;
				CLANG_ANALYZER_NUMBER_OBJECT_CONVERSION = YES_AGGRESSIVE;
				CLANG_CXX_LANGUAGE_STANDARD = "gnu++14";
				CLANG_CXX_LIBRARY = "libc++";
				CLANG_ENABLE_MODULES = YES;
				CLANG_ENABLE_OBJC_ARC = YES;
				CLANG_ENABLE_OBJC_WEAK = YES;
				CLANG_WARN_BLOCK_CAPTURE_AUTORELEASING = YES;
				CLANG_WARN_BOOL_CONVERSION = YES;
				CLANG_WARN_COMMA = YES;
				CLANG_WARN_CONSTANT_CONVERSION = YES;
				CLANG_WARN_DEPRECATED_OBJC_IMPLEMENTATIONS = YES;
				CLANG_WARN_DIRECT_OBJC_ISA_USAGE = YES_ERROR;
				CLANG_WARN_DOCUMENTATION_COMMENTS = YES;
				CLANG_WARN_EMPTY_BODY = YES;
				CLANG_WARN_ENUM_CONVERSION = YES;
				CLANG_WARN_INFINITE_RECURSION = YES;
				CLANG_WARN_INT_CONVERSION = YES;
				CLANG_WARN_NON_LITERAL_NULL_CONVERSION = YES;
				CLANG_WARN_OBJC_IMPLICIT_RETAIN_SELF = YES;
				CLANG_WARN_OBJC_LITERAL_CONVERSION = YES;
				CLANG_WARN_OBJC_ROOT_CLASS = YES_ERROR;
				CLANG_WARN_RANGE_LOOP_ANALYSIS = YES;
				CLANG_WARN_STRICT_PROTOTYPES = YES;
				CLANG_WARN_SUSPICIOUS_MOVE = YES;
				CLANG_WARN_UNGUARDED_AVAILABILITY = YES_AGGRESSIVE;
				CLANG_WARN_UNREACHABLE_CODE = YES;
				CLANG_WARN__DUPLICATE_METHOD_MATCH = YES;
				CODE_SIGN_IDENTITY = "iPhone Developer";
				COPY_PHASE_STRIP = NO;
				DEBUG_INFORMATION_FORMAT = "dwarf-with-dsym";
				ENABLE_NS_ASSERTIONS = NO;
				ENABLE_STRICT_OBJC_MSGSEND = YES;
				GCC_C_LANGUAGE_STANDARD = gnu11;
				GCC_NO_COMMON_BLOCKS = YES;
				GCC_WARN_64_TO_32_BIT_CONVERSION = YES;
				GCC_WARN_ABOUT_RETURN_TYPE = YES_ERROR;
				GCC_WARN_UNDECLARED_SELECTOR = YES;
				GCC_WARN_UNINITIALIZED_AUTOS = YES_AGGRESSIVE;
				GCC_WARN_UNUSED_FUNCTION = YES;
				GCC_WARN_UNUSED_VARIABLE = YES;
				IPHONEOS_DEPLOYMENT_TARGET = 11.4;
				MTL_ENABLE_DEBUG_INFO = NO;
				SDKROOT = iphoneos;
				SWIFT_COMPILATION_MODE = wholemodule;
				SWIFT_OPTIMIZATION_LEVEL = "-O";
				SWIFT_VERSION = 4.2;
				VALIDATE_PRODUCT = YES;
			};
			name = Release;
		};
		AAE79E7F213521DB00E7AC1F /* Debug */ = {
			isa = XCBuildConfiguration;
			baseConfigurationReference = E081C68E477B7C0C30B4A380 /* Pods-ImageClassification.debug.xcconfig */;
			buildSettings = {
				ALWAYS_EMBED_SWIFT_STANDARD_LIBRARIES = "$(inherited)";
				ASSETCATALOG_COMPILER_APPICON_NAME = AppIcon;
				CLANG_ENABLE_MODULES = YES;
				CODE_SIGN_ENTITLEMENTS = ImageClassification/iASL.entitlements;
				CODE_SIGN_STYLE = Automatic;
				CURRENT_PROJECT_VERSION = 3;
				DEVELOPMENT_TEAM = N6ESLEE34B;
				FRAMEWORK_SEARCH_PATHS = (
					"$(inherited)",
					"$(PROJECT_DIR)",
				);
				INFOPLIST_FILE = ImageClassification/Info.plist;
				IPHONEOS_DEPLOYMENT_TARGET = 12.0;
				LD_RUNPATH_SEARCH_PATHS = (
					"$(inherited)",
					"@executable_path/Frameworks",
				);
				MARKETING_VERSION = 1.0;
				PRODUCT_BUNDLE_IDENTIFIER = org.iASL.LanguageTranslator;
				PRODUCT_NAME = iASL;
				SUPPORTS_MACCATALYST = NO;
				SWIFT_OBJC_BRIDGING_HEADER = "";
				SWIFT_OPTIMIZATION_LEVEL = "-Onone";
				SWIFT_VERSION = 5.0;
				TARGETED_DEVICE_FAMILY = "1,2";
			};
			name = Debug;
		};
		AAE79E80213521DB00E7AC1F /* Release */ = {
			isa = XCBuildConfiguration;
			baseConfigurationReference = 1CB39A98F737B72BFEAC428E /* Pods-ImageClassification.release.xcconfig */;
			buildSettings = {
				ALWAYS_EMBED_SWIFT_STANDARD_LIBRARIES = "$(inherited)";
				ASSETCATALOG_COMPILER_APPICON_NAME = AppIcon;
				CLANG_ENABLE_MODULES = YES;
				CODE_SIGN_ENTITLEMENTS = ImageClassification/iASL.entitlements;
				CODE_SIGN_STYLE = Automatic;
				CURRENT_PROJECT_VERSION = 3;
				DEVELOPMENT_TEAM = N6ESLEE34B;
				FRAMEWORK_SEARCH_PATHS = (
					"$(inherited)",
					"$(PROJECT_DIR)",
				);
				INFOPLIST_FILE = ImageClassification/Info.plist;
				IPHONEOS_DEPLOYMENT_TARGET = 12.0;
				LD_RUNPATH_SEARCH_PATHS = (
					"$(inherited)",
					"@executable_path/Frameworks",
				);
				MARKETING_VERSION = 1.0;
				PRODUCT_BUNDLE_IDENTIFIER = org.iASL.LanguageTranslator;
				PRODUCT_NAME = iASL;
				SUPPORTS_MACCATALYST = NO;
				SWIFT_OBJC_BRIDGING_HEADER = "";
				SWIFT_VERSION = 5.0;
				TARGETED_DEVICE_FAMILY = "1,2";
			};
			name = Release;
		};
/* End XCBuildConfiguration section */

/* Begin XCConfigurationList section */
		6765C7EC23FB35F70083A5C5 /* Build configuration list for PBXNativeTarget "ImageClassificationTests" */ = {
			isa = XCConfigurationList;
			buildConfigurations = (
				6765C7EA23FB35F70083A5C5 /* Debug */,
				6765C7EB23FB35F70083A5C5 /* Release */,
			);
			defaultConfigurationIsVisible = 0;
			defaultConfigurationName = Release;
		};
		67ABF92124301C1C00881646 /* Build configuration list for PBXNativeTarget "iASLUITests" */ = {
			isa = XCConfigurationList;
			buildConfigurations = (
				67ABF92224301C1C00881646 /* Debug */,
				67ABF92324301C1C00881646 /* Release */,
			);
			defaultConfigurationIsVisible = 0;
			defaultConfigurationName = Release;
		};
		AAE79E51213521DA00E7AC1F /* Build configuration list for PBXProject "ImageClassification" */ = {
			isa = XCConfigurationList;
			buildConfigurations = (
				AAE79E7C213521DB00E7AC1F /* Debug */,
				AAE79E7D213521DB00E7AC1F /* Release */,
			);
			defaultConfigurationIsVisible = 0;
			defaultConfigurationName = Release;
		};
		AAE79E7E213521DB00E7AC1F /* Build configuration list for PBXNativeTarget "ImageClassification" */ = {
			isa = XCConfigurationList;
			buildConfigurations = (
				AAE79E7F213521DB00E7AC1F /* Debug */,
				AAE79E80213521DB00E7AC1F /* Release */,
			);
			defaultConfigurationIsVisible = 0;
			defaultConfigurationName = Release;
		};
/* End XCConfigurationList section */
	};
	rootObject = AAE79E4E213521DA00E7AC1F /* Project object */;
}
